
Microsoft Visual Studio Solution File, Format Version 12.00
# Visual Studio Version 17
VisualStudioVersion = 17.13.35931.197 d17.13
MinimumVisualStudioVersion = 10.0.40219.1
Project("{FAE04EC0-301F-11D3-BF4B-00C04F79EFBC}") = "SupremeComponentsExercise1", "SupremeComponentsExercise1\SupremeComponentsExercise1.csproj", "{BEDCAEEB-49B9-4DC1-8FBD-9B908264899B}"
EndProject
Global
	GlobalSection(SolutionConfigurationPlatforms) = preSolution
		Debug|Any CPU = Debug|Any CPU
		Release|Any CPU = Release|Any CPU
	EndGlobalSection
	GlobalSection(ProjectConfigurationPlatforms) = postSolution
		{BEDCAEEB-49B9-4DC1-8FBD-9B908264899B}.Debug|Any CPU.ActiveCfg = Debug|Any CPU
		{BEDCAEEB-49B9-4DC1-8FBD-9B908264899B}.Debug|Any CPU.Build.0 = Debug|Any CPU
		{BEDCAEEB-49B9-4DC1-8FBD-9B908264899B}.Release|Any CPU.ActiveCfg = Release|Any CPU
		{BEDCAEEB-49B9-4DC1-8FBD-9B908264899B}.Release|Any CPU.Build.0 = Release|Any CPU
	EndGlobalSection
	GlobalSection(SolutionProperties) = preSolution
		HideSolutionNode = FALSE
	EndGlobalSection
	GlobalSection(ExtensibilityGlobals) = postSolution
		SolutionGuid = {59491522-0361-45A7-8413-71E060BC140E}
	EndGlobalSection
EndGlobal
